Microsoft Visual Studio Solution File, Format Version 10.00
# Visual C++ Express 2008
Project("{8BC9CEB8-8B4A-11D0-8D11-00A0C91BC942}") = "Adder", "Adder.vcproj", "{B718B056-A4B5-4912-ABA6-3D4AFE7D6A77}"
EndProject
Project("{8BC9CEB8-8B4A-11D0-8D11-00A0C91BC942}") = "AdderLoad", "..\AdderLoad\AdderLoad.vcproj", "{8A6C6A79-6A23-4E4E-9DAE-8C30B8AB1762}"
EndProject
Global
	GlobalSection(SolutionConfigurationPlatforms) = preSolution
		Debug|Win32 = Debug|Win32
		Release|Win32 = Release|Win32
	EndGlobalSection
	GlobalSection(ProjectConfigurationPlatforms) = postSolution
		{B718B056-A4B5-4912-ABA6-3D4AFE7D6A77}.Debug|Win32.ActiveCfg = Debug|Win32
		{B718B056-A4B5-4912-ABA6-3D4AFE7D6A77}.Debug|Win32.Build.0 = Debug|Win32
		{B718B056-A4B5-4912-ABA6-3D4AFE7D6A77}.Release|Win32.ActiveCfg = Release|Win32
		{B718B056-A4B5-4912-ABA6-3D4AFE7D6A77}.Release|Win32.Build.0 = Release|Win32
		{8A6C6A79-6A23-4E4E-9DAE-8C30B8AB1762}.Debug|Win32.ActiveCfg = Debug|Win32
		{8A6C6A79-6A23-4E4E-9DAE-8C30B8AB1762}.Debug|Win32.Build.0 = Debug|Win32
		{8A6C6A79-6A23-4E4E-9DAE-8C30B8AB1762}.Release|Win32.ActiveCfg = Release|Win32
		{8A6C6A79-6A23-4E4E-9DAE-8C30B8AB1762}.Release|Win32.Build.0 = Release|Win32
	EndGlobalSection
	GlobalSection(SolutionProperties) = preSolution
		HideSolutionNode = FALSE
	EndGlobalSection
EndGlobal
